// !$*UTF8*$!
{
	archiveVersion = 1;
	classes = {
	};
	objectVersion = 56;
	objects = {

/* Begin PBXBuildFile section */
		48120E3E2C5645440023B0D3 /* GoogleService-Info.plist in Resources */ = {isa = PBXBuildFile; fileRef = 48120E3D2C5645440023B0D3 /* GoogleService-Info.plist */; };
		48120E422C5646060023B0D3 /* FirebaseDatabase in Frameworks */ = {isa = PBXBuildFile; productRef = 48120E412C5646060023B0D3 /* FirebaseDatabase */; };
		48120E442C5646060023B0D3 /* FirebaseFirestore in Frameworks */ = {isa = PBXBuildFile; productRef = 48120E432C5646060023B0D3 /* FirebaseFirestore */; };
		48120E462C5646060023B0D3 /* FirebaseStorage in Frameworks */ = {isa = PBXBuildFile; productRef = 48120E452C5646060023B0D3 /* FirebaseStorage */; };
		48120E482C56466D0023B0D3 /* RegistrationModel.swift in Sources */ = {isa = PBXBuildFile; fileRef = 48120E472C56466D0023B0D3 /* RegistrationModel.swift */; };
		48120E4A2C5647AB0023B0D3 /* FirebaseAuth in Frameworks */ = {isa = PBXBuildFile; productRef = 48120E492C5647AB0023B0D3 /* FirebaseAuth */; };
		48120E5A2C57801B0023B0D3 /* SignInModel.swift in Sources */ = {isa = PBXBuildFile; fileRef = 48120E592C57801B0023B0D3 /* SignInModel.swift */; };
		48120E682C5937AC0023B0D3 /* AppModel.swift in Sources */ = {isa = PBXBuildFile; fileRef = 48120E672C5937AC0023B0D3 /* AppModel.swift */; };
		48120E6A2C5939D00023B0D3 /* ProfilePresenter.swift in Sources */ = {isa = PBXBuildFile; fileRef = 48120E692C5939D00023B0D3 /* ProfilePresenter.swift */; };
		48180C002C4BA55E00FC8847 /* AppDelegate.swift in Sources */ = {isa = PBXBuildFile; fileRef = 48180BFF2C4BA55E00FC8847 /* AppDelegate.swift */; };
		48180C022C4BA55E00FC8847 /* SceneDelegate.swift in Sources */ = {isa = PBXBuildFile; fileRef = 48180C012C4BA55E00FC8847 /* SceneDelegate.swift */; };
		48180C042C4BA55E00FC8847 /* RegistrationViewController.swift in Sources */ = {isa = PBXBuildFile; fileRef = 48180C032C4BA55E00FC8847 /* RegistrationViewController.swift */; };
		48180C092C4BA55F00FC8847 /* Assets.xcassets in Resources */ = {isa = PBXBuildFile; fileRef = 48180C082C4BA55F00FC8847 /* Assets.xcassets */; };
		48180C0C2C4BA55F00FC8847 /* Base in Resources */ = {isa = PBXBuildFile; fileRef = 48180C0B2C4BA55F00FC8847 /* Base */; };
		48180C172C4BA83D00FC8847 /* CustomTextField.swift in Sources */ = {isa = PBXBuildFile; fileRef = 48180C162C4BA83D00FC8847 /* CustomTextField.swift */; };
		48180C192C4BAB0700FC8847 /* CustomButton.swift in Sources */ = {isa = PBXBuildFile; fileRef = 48180C182C4BAB0700FC8847 /* CustomButton.swift */; };
		48180C1B2C4BACE400FC8847 /* CustomLabel.swift in Sources */ = {isa = PBXBuildFile; fileRef = 48180C1A2C4BACE400FC8847 /* CustomLabel.swift */; };
		48180C1D2C4BADB100FC8847 /* CustomStackView.swift in Sources */ = {isa = PBXBuildFile; fileRef = 48180C1C2C4BADB100FC8847 /* CustomStackView.swift */; };
		48180C202C4BB09C00FC8847 /* StackView+Ex.swift in Sources */ = {isa = PBXBuildFile; fileRef = 48180C1F2C4BB09C00FC8847 /* StackView+Ex.swift */; };
		48180C262C4BD7B800FC8847 /* SignInViewController.swift in Sources */ = {isa = PBXBuildFile; fileRef = 48180C252C4BD7B800FC8847 /* SignInViewController.swift */; };
		48180C2B2C4C01CD00FC8847 /* RegistrationPresenter.swift in Sources */ = {isa = PBXBuildFile; fileRef = 48180C2A2C4C01CD00FC8847 /* RegistrationPresenter.swift */; };
		48180C2D2C4CE23C00FC8847 /* ProfileViewController.swift in Sources */ = {isa = PBXBuildFile; fileRef = 48180C2C2C4CE23C00FC8847 /* ProfileViewController.swift */; };
		48180C2F2C4D017400FC8847 /* SignInPresenter.swift in Sources */ = {isa = PBXBuildFile; fileRef = 48180C2E2C4D017400FC8847 /* SignInPresenter.swift */; };
/* End PBXBuildFile section */

/* Begin PBXFileReference section */
		48120E3D2C5645440023B0D3 /* GoogleService-Info.plist */ = {isa = PBXFileReference; fileEncoding = 4; lastKnownFileType = text.plist.xml; path = "GoogleService-Info.plist"; sourceTree = "<group>"; };
		48120E472C56466D0023B0D3 /* RegistrationModel.swift */ = {isa = PBXFileReference; lastKnownFileType = sourcecode.swift; path = RegistrationModel.swift; sourceTree = "<group>"; };
		48120E592C57801B0023B0D3 /* SignInModel.swift */ = {isa = PBXFileReference; lastKnownFileType = sourcecode.swift; path = SignInModel.swift; sourceTree = "<group>"; };
		48120E672C5937AC0023B0D3 /* AppModel.swift */ = {isa = PBXFileReference; lastKnownFileType = sourcecode.swift; path = AppModel.swift; sourceTree = "<group>"; };
		48120E692C5939D00023B0D3 /* ProfilePresenter.swift */ = {isa = PBXFileReference; lastKnownFileType = sourcecode.swift; path = ProfilePresenter.swift; sourceTree = "<group>"; };
		48180BFC2C4BA55E00FC8847 /* Dev1.app */ = {isa = PBXFileReference; explicitFileType = wrapper.application; includeInIndex = 0; path = Dev1.app; sourceTree = BUILT_PRODUCTS_DIR; };
		48180BFF2C4BA55E00FC8847 /* AppDelegate.swift */ = {isa = PBXFileReference; lastKnownFileType = sourcecode.swift; path = AppDelegate.swift; sourceTree = "<group>"; };
		48180C012C4BA55E00FC8847 /* SceneDelegate.swift */ = {isa = PBXFileReference; lastKnownFileType = sourcecode.swift; path = SceneDelegate.swift; sourceTree = "<group>"; };
		48180C032C4BA55E00FC8847 /* RegistrationViewController.swift */ = {isa = PBXFileReference; lastKnownFileType = sourcecode.swift; path = RegistrationViewController.swift; sourceTree = "<group>"; };
		48180C082C4BA55F00FC8847 /* Assets.xcassets */ = {isa = PBXFileReference; lastKnownFileType = folder.assetcatalog; path = Assets.xcassets; sourceTree = "<group>"; };
		48180C0B2C4BA55F00FC8847 /* Base */ = {isa = PBXFileReference; lastKnownFileType = file.storyboard; name = Base; path = Base.lproj/LaunchScreen.storyboard; sourceTree = "<group>"; };
		48180C0D2C4BA55F00FC8847 /* Info.plist */ = {isa = PBXFileReference; lastKnownFileType = text.plist.xml; path = Info.plist; sourceTree = "<group>"; };
		48180C162C4BA83D00FC8847 /* CustomTextField.swift */ = {isa = PBXFileReference; lastKnownFileType = sourcecode.swift; path = CustomTextField.swift; sourceTree = "<group>"; };
		48180C182C4BAB0700FC8847 /* CustomButton.swift */ = {isa = PBXFileReference; lastKnownFileType = sourcecode.swift; path = CustomButton.swift; sourceTree = "<group>"; };
		48180C1A2C4BACE400FC8847 /* CustomLabel.swift */ = {isa = PBXFileReference; lastKnownFileType = sourcecode.swift; path = CustomLabel.swift; sourceTree = "<group>"; };
		48180C1C2C4BADB100FC8847 /* CustomStackView.swift */ = {isa = PBXFileReference; lastKnownFileType = sourcecode.swift; path = CustomStackView.swift; sourceTree = "<group>"; };
		48180C1F2C4BB09C00FC8847 /* StackView+Ex.swift */ = {isa = PBXFileReference; lastKnownFileType = sourcecode.swift; path = "StackView+Ex.swift"; sourceTree = "<group>"; };
		48180C252C4BD7B800FC8847 /* SignInViewController.swift */ = {isa = PBXFileReference; lastKnownFileType = sourcecode.swift; path = SignInViewController.swift; sourceTree = "<group>"; };
		48180C2A2C4C01CD00FC8847 /* RegistrationPresenter.swift */ = {isa = PBXFileReference; lastKnownFileType = sourcecode.swift; path = RegistrationPresenter.swift; sourceTree = "<group>"; };
		48180C2C2C4CE23C00FC8847 /* ProfileViewController.swift */ = {isa = PBXFileReference; lastKnownFileType = sourcecode.swift; path = ProfileViewController.swift; sourceTree = "<group>"; };
		48180C2E2C4D017400FC8847 /* SignInPresenter.swift */ = {isa = PBXFileReference; lastKnownFileType = sourcecode.swift; path = SignInPresenter.swift; sourceTree = "<group>"; };
/* End PBXFileReference section */

/* Begin PBXFrameworksBuildPhase section */
		48180BF92C4BA55E00FC8847 /* Frameworks */ = {
			isa = PBXFrameworksBuildPhase;
			buildActionMask = 2147483647;
			files = (
				48120E422C5646060023B0D3 /* FirebaseDatabase in Frameworks */,
				48120E442C5646060023B0D3 /* FirebaseFirestore in Frameworks */,
				48120E462C5646060023B0D3 /* FirebaseStorage in Frameworks */,
				48120E4A2C5647AB0023B0D3 /* FirebaseAuth in Frameworks */,
			);
			runOnlyForDeploymentPostprocessing = 0;
		};
/* End PBXFrameworksBuildPhase section */

/* Begin PBXGroup section */
		48120E402C5646060023B0D3 /* Frameworks */ = {
			isa = PBXGroup;
			children = (
			);
			name = Frameworks;
			sourceTree = "<group>";
		};
		48120E5B2C57E45C0023B0D3 /* Registration */ = {
			isa = PBXGroup;
			children = (
				48120E5D2C57E46D0023B0D3 /* Model */,
				48120E5C2C57E4670023B0D3 /* View */,
				48120E5E2C57E4730023B0D3 /* Presenter */,
			);
			path = Registration;
			sourceTree = "<group>";
		};
		48120E5C2C57E4670023B0D3 /* View */ = {
			isa = PBXGroup;
			children = (
				48180C032C4BA55E00FC8847 /* RegistrationViewController.swift */,
			);
			path = View;
			sourceTree = "<group>";
		};
		48120E5D2C57E46D0023B0D3 /* Model */ = {
			isa = PBXGroup;
			children = (
				48120E472C56466D0023B0D3 /* RegistrationModel.swift */,
			);
			path = Model;
			sourceTree = "<group>";
		};
		48120E5E2C57E4730023B0D3 /* Presenter */ = {
			isa = PBXGroup;
			children = (
				48180C2A2C4C01CD00FC8847 /* RegistrationPresenter.swift */,
			);
			path = Presenter;
			sourceTree = "<group>";
		};
		48120E5F2C57E48B0023B0D3 /* SignIn */ = {
			isa = PBXGroup;
			children = (
				48120E612C57E49A0023B0D3 /* Model */,
				48120E602C57E4940023B0D3 /* View */,
				48120E622C57E49F0023B0D3 /* Presenter */,
			);
			path = SignIn;
			sourceTree = "<group>";
		};
		48120E602C57E4940023B0D3 /* View */ = {
			isa = PBXGroup;
			children = (
				48180C252C4BD7B800FC8847 /* SignInViewController.swift */,
			);
			path = View;
			sourceTree = "<group>";
		};
		48120E612C57E49A0023B0D3 /* Model */ = {
			isa = PBXGroup;
			children = (
				48120E592C57801B0023B0D3 /* SignInModel.swift */,
			);
			path = Model;
			sourceTree = "<group>";
		};
		48120E622C57E49F0023B0D3 /* Presenter */ = {
			isa = PBXGroup;
			children = (
				48180C2E2C4D017400FC8847 /* SignInPresenter.swift */,
			);
			path = Presenter;
			sourceTree = "<group>";
		};
		48120E632C57E4D70023B0D3 /* Presenter */ = {
			isa = PBXGroup;
			children = (
				48120E692C5939D00023B0D3 /* ProfilePresenter.swift */,
			);
			path = Presenter;
			sourceTree = "<group>";
		};
		48120E642C57E4E10023B0D3 /* View */ = {
			isa = PBXGroup;
			children = (
				48180C2C2C4CE23C00FC8847 /* ProfileViewController.swift */,
			);
			path = View;
			sourceTree = "<group>";
		};
		48120E652C57E4E90023B0D3 /* Model */ = {
			isa = PBXGroup;
			children = (
			);
			path = Model;
			sourceTree = "<group>";
		};
		48120E662C57E50E0023B0D3 /* App */ = {
			isa = PBXGroup;
			children = (
				48180BFF2C4BA55E00FC8847 /* AppDelegate.swift */,
				48180C012C4BA55E00FC8847 /* SceneDelegate.swift */,
				48180C082C4BA55F00FC8847 /* Assets.xcassets */,
				48180C0A2C4BA55F00FC8847 /* LaunchScreen.storyboard */,
				48120E672C5937AC0023B0D3 /* AppModel.swift */,
			);
			path = App;
			sourceTree = "<group>";
		};
		48180BF32C4BA55E00FC8847 = {
			isa = PBXGroup;
			children = (
				48180BFE2C4BA55E00FC8847 /* Dev1 */,
				48180BFD2C4BA55E00FC8847 /* Products */,
				48120E402C5646060023B0D3 /* Frameworks */,
			);
			sourceTree = "<group>";
		};
		48180BFD2C4BA55E00FC8847 /* Products */ = {
			isa = PBXGroup;
			children = (
				48180BFC2C4BA55E00FC8847 /* Dev1.app */,
			);
			name = Products;
			sourceTree = "<group>";
		};
		48180BFE2C4BA55E00FC8847 /* Dev1 */ = {
			isa = PBXGroup;
			children = (
				48120E662C57E50E0023B0D3 /* App */,
				48120E5B2C57E45C0023B0D3 /* Registration */,
				48120E5F2C57E48B0023B0D3 /* SignIn */,
				48180C142C4BA80300FC8847 /* Profile */,
				48180C152C4BA81500FC8847 /* CustomUI */,
				48180C1E2C4BB08100FC8847 /* Extensions */,
				48120E3D2C5645440023B0D3 /* GoogleService-Info.plist */,
				48180C0D2C4BA55F00FC8847 /* Info.plist */,
			);
			path = Dev1;
			sourceTree = "<group>";
		};
		48180C142C4BA80300FC8847 /* Profile */ = {
			isa = PBXGroup;
			children = (
				48120E652C57E4E90023B0D3 /* Model */,
				48120E642C57E4E10023B0D3 /* View */,
				48120E632C57E4D70023B0D3 /* Presenter */,
			);
			path = Profile;
			sourceTree = "<group>";
		};
		48180C152C4BA81500FC8847 /* CustomUI */ = {
			isa = PBXGroup;
			children = (
				48180C162C4BA83D00FC8847 /* CustomTextField.swift */,
				48180C1C2C4BADB100FC8847 /* CustomStackView.swift */,
				48180C182C4BAB0700FC8847 /* CustomButton.swift */,
				48180C1A2C4BACE400FC8847 /* CustomLabel.swift */,
			);
			path = CustomUI;
			sourceTree = "<group>";
		};
		48180C1E2C4BB08100FC8847 /* Extensions */ = {
			isa = PBXGroup;
			children = (
				48180C1F2C4BB09C00FC8847 /* StackView+Ex.swift */,
			);
			path = Extensions;
			sourceTree = "<group>";
		};
/* End PBXGroup section */

/* Begin PBXNativeTarget section */
		48180BFB2C4BA55E00FC8847 /* Dev1 */ = {
			isa = PBXNativeTarget;
			buildConfigurationList = 48180C102C4BA55F00FC8847 /* Build configuration list for PBXNativeTarget "Dev1" */;
			buildPhases = (
				48180BF82C4BA55E00FC8847 /* Sources */,
				48180BF92C4BA55E00FC8847 /* Frameworks */,
				48180BFA2C4BA55E00FC8847 /* Resources */,
			);
			buildRules = (
			);
			dependencies = (
			);
			name = Dev1;
			packageProductDependencies = (
				48120E412C5646060023B0D3 /* FirebaseDatabase */,
				48120E432C5646060023B0D3 /* FirebaseFirestore */,
				48120E452C5646060023B0D3 /* FirebaseStorage */,
				48120E492C5647AB0023B0D3 /* FirebaseAuth */,
			);
			productName = Dev1;
			productReference = 48180BFC2C4BA55E00FC8847 /* Dev1.app */;
			productType = "com.apple.product-type.application";
		};
/* End PBXNativeTarget section */

/* Begin PBXProject section */
		48180BF42C4BA55E00FC8847 /* Project object */ = {
			isa = PBXProject;
			attributes = {
				BuildIndependentTargetsInParallel = 1;
				LastSwiftUpdateCheck = 1530;
				LastUpgradeCheck = 1530;
				TargetAttributes = {
					48180BFB2C4BA55E00FC8847 = {
						CreatedOnToolsVersion = 15.3;
					};
				};
			};
			buildConfigurationList = 48180BF72C4BA55E00FC8847 /* Build configuration list for PBXProject "Dev1" */;
			compatibilityVersion = "Xcode 14.0";
			developmentRegion = en;
			hasScannedForEncodings = 0;
			knownRegions = (
				en,
				Base,
			);
			mainGroup = 48180BF32C4BA55E00FC8847;
			packageReferences = (
				48120E3F2C5645990023B0D3 /* XCRemoteSwiftPackageReference "firebase-ios-sdk" */,
			);
			productRefGroup = 48180BFD2C4BA55E00FC8847 /* Products */;
			projectDirPath = "";
			projectRoot = "";
			targets = (
				48180BFB2C4BA55E00FC8847 /* Dev1 */,
			);
		};
/* End PBXProject section */

/* Begin PBXResourcesBuildPhase section */
		48180BFA2C4BA55E00FC8847 /* Resources */ = {
			isa = PBXResourcesBuildPhase;
			buildActionMask = 2147483647;
			files = (
				48180C092C4BA55F00FC8847 /* Assets.xcassets in Resources */,
				48180C0C2C4BA55F00FC8847 /* Base in Resources */,
				48120E3E2C5645440023B0D3 /* GoogleService-Info.plist in Resources */,
			);
			runOnlyForDeploymentPostprocessing = 0;
		};
/* End PBXResourcesBuildPhase section */

/* Begin PBXSourcesBuildPhase section */
		48180BF82C4BA55E00FC8847 /* Sources */ = {
			isa = PBXSourcesBuildPhase;
			buildActionMask = 2147483647;
			files = (
				48180C172C4BA83D00FC8847 /* CustomTextField.swift in Sources */,
				48180C1B2C4BACE400FC8847 /* CustomLabel.swift in Sources */,
				48180C042C4BA55E00FC8847 /* RegistrationViewController.swift in Sources */,
				48180C2B2C4C01CD00FC8847 /* RegistrationPresenter.swift in Sources */,
				48120E482C56466D0023B0D3 /* RegistrationModel.swift in Sources */,
				48180C262C4BD7B800FC8847 /* SignInViewController.swift in Sources */,
				48180C2D2C4CE23C00FC8847 /* ProfileViewController.swift in Sources */,
				48180C002C4BA55E00FC8847 /* AppDelegate.swift in Sources */,
				48180C1D2C4BADB100FC8847 /* CustomStackView.swift in Sources */,
				48120E6A2C5939D00023B0D3 /* ProfilePresenter.swift in Sources */,
				48180C022C4BA55E00FC8847 /* SceneDelegate.swift in Sources */,
				48120E682C5937AC0023B0D3 /* AppModel.swift in Sources */,
				48180C2F2C4D017400FC8847 /* SignInPresenter.swift in Sources */,
				48180C202C4BB09C00FC8847 /* StackView+Ex.swift in Sources */,
				48180C192C4BAB0700FC8847 /* CustomButton.swift in Sources */,
				48120E5A2C57801B0023B0D3 /* SignInModel.swift in Sources */,
			);
			runOnlyForDeploymentPostprocessing = 0;
		};
/* End PBXSourcesBuildPhase section */

/* Begin PBXVariantGroup section */
		48180C0A2C4BA55F00FC8847 /* LaunchScreen.storyboard */ = {
			isa = PBXVariantGroup;
			children = (
				48180C0B2C4BA55F00FC8847 /* Base */,
			);
			name = LaunchScreen.storyboard;
			sourceTree = "<group>";
		};
/* End PBXVariantGroup section */

/* Begin XCBuildConfiguration section */
		48180C0E2C4BA55F00FC8847 /* Debug */ = {
			isa = XCBuildConfiguration;
			buildSettings = {
				ALWAYS_SEARCH_USER_PATHS = NO;
				ASSETCATALOG_COMPILER_GENERATE_SWIFT_ASSET_SYMBOL_EXTENSIONS = YES;
				CLANG_ANALYZER_NONNULL = YES;
				CLANG_ANALYZER_NUMBER_OBJECT_CONVERSION = YES_AGGRESSIVE;
				CLANG_CXX_LANGUAGE_STANDARD = "gnu++20";
				CLANG_ENABLE_MODULES = YES;
				CLANG_ENABLE_OBJC_ARC = YES;
				CLANG_ENABLE_OBJC_WEAK = YES;
				CLANG_WARN_BLOCK_CAPTURE_AUTORELEASING = YES;
				CLANG_WARN_BOOL_CONVERSION = YES;
				CLANG_WARN_COMMA = YES;
				CLANG_WARN_CONSTANT_CONVERSION = YES;
				CLANG_WARN_DEPRECATED_OBJC_IMPLEMENTATIONS = YES;
				CLANG_WARN_DIRECT_OBJC_ISA_USAGE = YES_ERROR;
				CLANG_WARN_DOCUMENTATION_COMMENTS = YES;
				CLANG_WARN_EMPTY_BODY = YES;
				CLANG_WARN_ENUM_CONVERSION = YES;
				CLANG_WARN_INFINITE_RECURSION = YES;
				CLANG_WARN_INT_CONVERSION = YES;
				CLANG_WARN_NON_LITERAL_NULL_CONVERSION = YES;
				CLANG_WARN_OBJC_IMPLICIT_RETAIN_SELF = YES;
				CLANG_WARN_OBJC_LITERAL_CONVERSION = YES;
				CLANG_WARN_OBJC_ROOT_CLASS = YES_ERROR;
				CLANG_WARN_QUOTED_INCLUDE_IN_FRAMEWORK_HEADER = YES;
				CLANG_WARN_RANGE_LOOP_ANALYSIS = YES;
				CLANG_WARN_STRICT_PROTOTYPES = YES;
				CLANG_WARN_SUSPICIOUS_MOVE = YES;
				CLANG_WARN_UNGUARDED_AVAILABILITY = YES_AGGRESSIVE;
				CLANG_WARN_UNREACHABLE_CODE = YES;
				CLANG_WARN__DUPLICATE_METHOD_MATCH = YES;
				COPY_PHASE_STRIP = NO;
				DEBUG_INFORMATION_FORMAT = dwarf;
				ENABLE_STRICT_OBJC_MSGSEND = YES;
				ENABLE_TESTABILITY = YES;
				ENABLE_USER_SCRIPT_SANDBOXING = YES;
				GCC_C_LANGUAGE_STANDARD = gnu17;
				GCC_DYNAMIC_NO_PIC = NO;
				GCC_NO_COMMON_BLOCKS = YES;
				GCC_OPTIMIZATION_LEVEL = 0;
				GCC_PREPROCESSOR_DEFINITIONS = (
					"DEBUG=1",
					"$(inherited)",
				);
				GCC_WARN_64_TO_32_BIT_CONVERSION = YES;
				GCC_WARN_ABOUT_RETURN_TYPE = YES_ERROR;
				GCC_WARN_UNDECLARED_SELECTOR = YES;
				GCC_WARN_UNINITIALIZED_AUTOS = YES_AGGRESSIVE;
				GCC_WARN_UNUSED_FUNCTION = YES;
				GCC_WARN_UNUSED_VARIABLE = YES;
				IPHONEOS_DEPLOYMENT_TARGET = 17.4;
				LOCALIZATION_PREFERS_STRING_CATALOGS = YES;
				MTL_ENABLE_DEBUG_INFO = INCLUDE_SOURCE;
				MTL_FAST_MATH = YES;
				ONLY_ACTIVE_ARCH = YES;
				SDKROOT = iphoneos;
				SWIFT_ACTIVE_COMPILATION_CONDITIONS = "DEBUG $(inherited)";
				SWIFT_OPTIMIZATION_LEVEL = "-Onone";
			};
			name = Debug;
		};
		48180C0F2C4BA55F00FC8847 /* Release */ = {
			isa = XCBuildConfiguration;
			buildSettings = {
				ALWAYS_SEARCH_USER_PATHS = NO;
				ASSETCATALOG_COMPILER_GENERATE_SWIFT_ASSET_SYMBOL_EXTENSIONS = YES;
				CLANG_ANALYZER_NONNULL = YES;
				CLANG_ANALYZER_NUMBER_OBJECT_CONVERSION = YES_AGGRESSIVE;
				CLANG_CXX_LANGUAGE_STANDARD = "gnu++20";
				CLANG_ENABLE_MODULES = YES;
				CLANG_ENABLE_OBJC_ARC = YES;
				CLANG_ENABLE_OBJC_WEAK = YES;
				CLANG_WARN_BLOCK_CAPTURE_AUTORELEASING = YES;
				CLANG_WARN_BOOL_CONVERSION = YES;
				CLANG_WARN_COMMA = YES;
				CLANG_WARN_CONSTANT_CONVERSION = YES;
				CLANG_WARN_DEPRECATED_OBJC_IMPLEMENTATIONS = YES;
				CLANG_WARN_DIRECT_OBJC_ISA_USAGE = YES_ERROR;
				CLANG_WARN_DOCUMENTATION_COMMENTS = YES;
				CLANG_WARN_EMPTY_BODY = YES;
				CLANG_WARN_ENUM_CONVERSION = YES;
				CLANG_WARN_INFINITE_RECURSION = YES;
				CLANG_WARN_INT_CONVERSION = YES;
				CLANG_WARN_NON_LITERAL_NULL_CONVERSION = YES;
				CLANG_WARN_OBJC_IMPLICIT_RETAIN_SELF = YES;
				CLANG_WARN_OBJC_LITERAL_CONVERSION = YES;
				CLANG_WARN_OBJC_ROOT_CLASS = YES_ERROR;
				CLANG_WARN_QUOTED_INCLUDE_IN_FRAMEWORK_HEADER = YES;
				CLANG_WARN_RANGE_LOOP_ANALYSIS = YES;
				CLANG_WARN_STRICT_PROTOTYPES = YES;
				CLANG_WARN_SUSPICIOUS_MOVE = YES;
				CLANG_WARN_UNGUARDED_AVAILABILITY = YES_AGGRESSIVE;
				CLANG_WARN_UNREACHABLE_CODE = YES;
				CLANG_WARN__DUPLICATE_METHOD_MATCH = YES;
				COPY_PHASE_STRIP = NO;
				DEBUG_INFORMATION_FORMAT = "dwarf-with-dsym";
				ENABLE_NS_ASSERTIONS = NO;
				ENABLE_STRICT_OBJC_MSGSEND = YES;
				ENABLE_USER_SCRIPT_SANDBOXING = YES;
				GCC_C_LANGUAGE_STANDARD = gnu17;
				GCC_NO_COMMON_BLOCKS = YES;
				GCC_WARN_64_TO_32_BIT_CONVERSION = YES;
				GCC_WARN_ABOUT_RETURN_TYPE = YES_ERROR;
				GCC_WARN_UNDECLARED_SELECTOR = YES;
				GCC_WARN_UNINITIALIZED_AUTOS = YES_AGGRESSIVE;
				GCC_WARN_UNUSED_FUNCTION = YES;
				GCC_WARN_UNUSED_VARIABLE = YES;
				IPHONEOS_DEPLOYMENT_TARGET = 17.4;
				LOCALIZATION_PREFERS_STRING_CATALOGS = YES;
				MTL_ENABLE_DEBUG_INFO = NO;
				MTL_FAST_MATH = YES;
				SDKROOT = iphoneos;
				SWIFT_COMPILATION_MODE = wholemodule;
				VALIDATE_PRODUCT = YES;
			};
			name = Release;
		};
		48180C112C4BA55F00FC8847 /* Debug */ = {
			isa = XCBuildConfiguration;
			buildSettings = {
				ASSETCATALOG_COMPILER_APPICON_NAME = AppIcon;
				ASSETCATALOG_COMPILER_GLOBAL_ACCENT_COLOR_NAME = AccentColor;
				CODE_SIGN_STYLE = Automatic;
				CURRENT_PROJECT_VERSION = 1;
				DEVELOPMENT_TEAM = TUPKULQZ9B;
				GENERATE_INFOPLIST_FILE = YES;
				INFOPLIST_FILE = Dev1/Info.plist;
				INFOPLIST_KEY_UIApplicationSupportsIndirectInputEvents = YES;
				INFOPLIST_KEY_UILaunchStoryboardName = LaunchScreen;
				INFOPLIST_KEY_UISupportedInterfaceOrientations_iPad = "UIInterfaceOrientationPortrait UIInterfaceOrientationPortraitUpsideDown UIInterfaceOrientationLandscapeLeft UIInterfaceOrientationLandscapeRight";
				INFOPLIST_KEY_UISupportedInterfaceOrientations_iPhone = "UIInterfaceOrientationPortrait UIInterfaceOrientationLandscapeLeft UIInterfaceOrientationLandscapeRight";
				IPHONEOS_DEPLOYMENT_TARGET = 16.0;
				LD_RUNPATH_SEARCH_PATHS = (
					"$(inherited)",
					"@executable_path/Frameworks",
				);
				MARKETING_VERSION = 1.0;
				PRODUCT_BUNDLE_IDENTIFIER = com.sivozelezov.Dev1;
				PRODUCT_NAME = "$(TARGET_NAME)";
				SUPPORTED_PLATFORMS = "iphoneos iphonesimulator";
				SUPPORTS_MACCATALYST = NO;
				SUPPORTS_MAC_DESIGNED_FOR_IPHONE_IPAD = NO;
				SUPPORTS_XR_DESIGNED_FOR_IPHONE_IPAD = NO;
				SWIFT_EMIT_LOC_STRINGS = YES;
				SWIFT_VERSION = 5.0;
				TARGETED_DEVICE_FAMILY = 1;
			};
			name = Debug;
		};
		48180C122C4BA55F00FC8847 /* Release */ = {
			isa = XCBuildConfiguration;
			buildSettings = {
				ASSETCATALOG_COMPILER_APPICON_NAME = AppIcon;
				ASSETCATALOG_COMPILER_GLOBAL_ACCENT_COLOR_NAME = AccentColor;
				CODE_SIGN_STYLE = Automatic;
				CURRENT_PROJECT_VERSION = 1;
				DEVELOPMENT_TEAM = TUPKULQZ9B;
				GENERATE_INFOPLIST_FILE = YES;
				INFOPLIST_FILE = Dev1/Info.plist;
				INFOPLIST_KEY_UIApplicationSupportsIndirectInputEvents = YES;
				INFOPLIST_KEY_UILaunchStoryboardName = LaunchScreen;
				INFOPLIST_KEY_UISupportedInterfaceOrientations_iPad = "UIInterfaceOrientationPortrait UIInterfaceOrientationPortraitUpsideDown UIInterfaceOrientationLandscapeLeft UIInterfaceOrientationLandscapeRight";
				INFOPLIST_KEY_UISupportedInterfaceOrientations_iPhone = "UIInterfaceOrientationPortrait UIInterfaceOrientationLandscapeLeft UIInterfaceOrientationLandscapeRight";
				IPHONEOS_DEPLOYMENT_TARGET = 16.0;
				LD_RUNPATH_SEARCH_PATHS = (
					"$(inherited)",
					"@executable_path/Frameworks",
				);
				MARKETING_VERSION = 1.0;
				PRODUCT_BUNDLE_IDENTIFIER = com.sivozelezov.Dev1;
				PRODUCT_NAME = "$(TARGET_NAME)";
				SUPPORTED_PLATFORMS = "iphoneos iphonesimulator";
				SUPPORTS_MACCATALYST = NO;
				SUPPORTS_MAC_DESIGNED_FOR_IPHONE_IPAD = NO;
				SUPPORTS_XR_DESIGNED_FOR_IPHONE_IPAD = NO;
				SWIFT_EMIT_LOC_STRINGS = YES;
				SWIFT_VERSION = 5.0;
				TARGETED_DEVICE_FAMILY = 1;
			};
			name = Release;
		};
/* End XCBuildConfiguration section */

/* Begin XCConfigurationList section */
		48180BF72C4BA55E00FC8847 /* Build configuration list for PBXProject "Dev1" */ = {
			isa = XCConfigurationList;
			buildConfigurations = (
				48180C0E2C4BA55F00FC8847 /* Debug */,
				48180C0F2C4BA55F00FC8847 /* Release */,
			);
			defaultConfigurationIsVisible = 0;
			defaultConfigurationName = Release;
		};
		48180C102C4BA55F00FC8847 /* Build configuration list for PBXNativeTarget "Dev1" */ = {
			isa = XCConfigurationList;
			buildConfigurations = (
				48180C112C4BA55F00FC8847 /* Debug */,
				48180C122C4BA55F00FC8847 /* Release */,
			);
			defaultConfigurationIsVisible = 0;
			defaultConfigurationName = Release;
		};
/* End XCConfigurationList section */

/* Begin XCRemoteSwiftPackageReference section */
		48120E3F2C5645990023B0D3 /* XCRemoteSwiftPackageReference "firebase-ios-sdk" */ = {
			isa = XCRemoteSwiftPackageReference;
			repositoryURL = "https://github.com/firebase/firebase-ios-sdk";
			requirement = {
				kind = upToNextMajorVersion;
				minimumVersion = 10.29.0;
			};
		};
/* End XCRemoteSwiftPackageReference section */

/* Begin XCSwiftPackageProductDependency section */
		48120E412C5646060023B0D3 /* FirebaseDatabase */ = {
			isa = XCSwiftPackageProductDependency;
			package = 48120E3F2C5645990023B0D3 /* XCRemoteSwiftPackageReference "firebase-ios-sdk" */;
			productName = FirebaseDatabase;
		};
		48120E432C5646060023B0D3 /* FirebaseFirestore */ = {
			isa = XCSwiftPackageProductDependency;
			package = 48120E3F2C5645990023B0D3 /* XCRemoteSwiftPackageReference "firebase-ios-sdk" */;
			productName = FirebaseFirestore;
		};
		48120E452C5646060023B0D3 /* FirebaseStorage */ = {
			isa = XCSwiftPackageProductDependency;
			package = 48120E3F2C5645990023B0D3 /* XCRemoteSwiftPackageReference "firebase-ios-sdk" */;
			productName = FirebaseStorage;
		};
		48120E492C5647AB0023B0D3 /* FirebaseAuth */ = {
			isa = XCSwiftPackageProductDependency;
			package = 48120E3F2C5645990023B0D3 /* XCRemoteSwiftPackageReference "firebase-ios-sdk" */;
			productName = FirebaseAuth;
		};
/* End XCSwiftPackageProductDependency section */
	};
	rootObject = 48180BF42C4BA55E00FC8847 /* Project object */;
}
